
Microsoft Visual Studio Solution File, Format Version 12.00
# Visual Studio Version 16
VisualStudioVersion = 16.0.32106.194
MinimumVisualStudioVersion = 10.0.40219.1
Project("{FAE04EC0-301F-11D3-BF4B-00C04F79EFBC}") = "ProvisionSecond.Core", "ProvisionSecond.Core\ProvisionSecond.Core.csproj", "{C2EA171F-932A-4247-901F-97A0E5B093B0}"
EndProject
Project("{FAE04EC0-301F-11D3-BF4B-00C04F79EFBC}") = "ProvisionSecond.Data", "ProvisionSecond.Data\ProvisionSecond.Data.csproj", "{47480F9F-D376-4CF2-ABD3-9EBDA063F5B3}"
EndProject
Project("{FAE04EC0-301F-11D3-BF4B-00C04F79EFBC}") = "ProvisionSecond.Business", "ProvisionSecond.Business\ProvisionSecond.Business.csproj", "{BDBDF93D-DBA4-4DD0-BAB9-A3CE62630D96}"
EndProject
Project("{9A19103F-16F7-4668-BE54-9A1E7A4F7556}") = "CurrencyProvider", "CurrencyProvider\CurrencyProvider.csproj", "{A3412B48-5779-4D35-A1D2-B4BAA81B9067}"
EndProject
Project("{FAE04EC0-301F-11D3-BF4B-00C04F79EFBC}") = "ProvisionSecond.MVCApplication", "ProvisionSecond.MVCApplication\ProvisionSecond.MVCApplication.csproj", "{C273477F-39C4-4416-B900-46CF16CC0E7B}"
EndProject
Global
	GlobalSection(SolutionConfigurationPlatforms) = preSolution
		Debug|Any CPU = Debug|Any CPU
		Release|Any CPU = Release|Any CPU
	EndGlobalSection
	GlobalSection(ProjectConfigurationPlatforms) = postSolution
		{C2EA171F-932A-4247-901F-97A0E5B093B0}.Debug|Any CPU.ActiveCfg = Debug|Any CPU
		{C2EA171F-932A-4247-901F-97A0E5B093B0}.Debug|Any CPU.Build.0 = Debug|Any CPU
		{C2EA171F-932A-4247-901F-97A0E5B093B0}.Release|Any CPU.ActiveCfg = Release|Any CPU
		{C2EA171F-932A-4247-901F-97A0E5B093B0}.Release|Any CPU.Build.0 = Release|Any CPU
		{47480F9F-D376-4CF2-ABD3-9EBDA063F5B3}.Debug|Any CPU.ActiveCfg = Debug|Any CPU
		{47480F9F-D376-4CF2-ABD3-9EBDA063F5B3}.Debug|Any CPU.Build.0 = Debug|Any CPU
		{47480F9F-D376-4CF2-ABD3-9EBDA063F5B3}.Release|Any CPU.ActiveCfg = Release|Any CPU
		{47480F9F-D376-4CF2-ABD3-9EBDA063F5B3}.Release|Any CPU.Build.0 = Release|Any CPU
		{BDBDF93D-DBA4-4DD0-BAB9-A3CE62630D96}.Debug|Any CPU.ActiveCfg = Debug|Any CPU
		{BDBDF93D-DBA4-4DD0-BAB9-A3CE62630D96}.Debug|Any CPU.Build.0 = Debug|Any CPU
		{BDBDF93D-DBA4-4DD0-BAB9-A3CE62630D96}.Release|Any CPU.ActiveCfg = Release|Any CPU
		{BDBDF93D-DBA4-4DD0-BAB9-A3CE62630D96}.Release|Any CPU.Build.0 = Release|Any CPU
		{A3412B48-5779-4D35-A1D2-B4BAA81B9067}.Debug|Any CPU.ActiveCfg = Debug|Any CPU
		{A3412B48-5779-4D35-A1D2-B4BAA81B9067}.Debug|Any CPU.Build.0 = Debug|Any CPU
		{A3412B48-5779-4D35-A1D2-B4BAA81B9067}.Release|Any CPU.ActiveCfg = Release|Any CPU
		{A3412B48-5779-4D35-A1D2-B4BAA81B9067}.Release|Any CPU.Build.0 = Release|Any CPU
		{C273477F-39C4-4416-B900-46CF16CC0E7B}.Debug|Any CPU.ActiveCfg = Debug|Any CPU
		{C273477F-39C4-4416-B900-46CF16CC0E7B}.Debug|Any CPU.Build.0 = Debug|Any CPU
		{C273477F-39C4-4416-B900-46CF16CC0E7B}.Release|Any CPU.ActiveCfg = Release|Any CPU
		{C273477F-39C4-4416-B900-46CF16CC0E7B}.Release|Any CPU.Build.0 = Release|Any CPU
	EndGlobalSection
	GlobalSection(SolutionProperties) = preSolution
		HideSolutionNode = FALSE
	EndGlobalSection
	GlobalSection(ExtensibilityGlobals) = postSolution
		SolutionGuid = {A590B425-CFD4-4003-8195-DDE69B8AD9DB}
	EndGlobalSection
EndGlobal
